
Microsoft Visual Studio Solution File, Format Version 12.00
# Visual Studio Version 16
VisualStudioVersion = 16.0.31624.102
MinimumVisualStudioVersion = 10.0.40219.1
Project("{9A19103F-16F7-4668-BE54-9A1E7A4F7556}") = "TradingTools", "TradingTools.csproj", "{DB78753B-4491-4207-83B4-104A2FB01249}"
EndProject
Project("{9A19103F-16F7-4668-BE54-9A1E7A4F7556}") = "TradingTools.Services", "..\TradingTools.Services\TradingTools.Services.csproj", "{0DBD5AAC-116F-41B2-88A7-BC0438F0D4D2}"
EndProject
Project("{9A19103F-16F7-4668-BE54-9A1E7A4F7556}") = "TradingTools.Trunk", "..\TradingTools.Trunk\TradingTools.Trunk.csproj", "{4B5CE692-634D-467D-A638-08C50CC52844}"
EndProject
Project("{9A19103F-16F7-4668-BE54-9A1E7A4F7556}") = "TradingTools.DAL", "..\TradingTools.DAL\TradingTools.DAL.csproj", "{E89A978E-DE93-42BA-A444-5FE0D7F9287D}"
EndProject
Project("{2150E333-8FDC-42A3-9474-1A3956D46DE8}") = "Solution Items", "Solution Items", "{24020D32-DF89-40FB-819A-9606BB28DAD9}"
	ProjectSection(SolutionItems) = preProject
		.editorconfig = .editorconfig
	EndProjectSection
EndProject
Global
	GlobalSection(SolutionConfigurationPlatforms) = preSolution
		Debug|Any CPU = Debug|Any CPU
		Release|Any CPU = Release|Any CPU
	EndGlobalSection
	GlobalSection(ProjectConfigurationPlatforms) = postSolution
		{DB78753B-4491-4207-83B4-104A2FB01249}.Debug|Any CPU.ActiveCfg = Debug|Any CPU
		{DB78753B-4491-4207-83B4-104A2FB01249}.Debug|Any CPU.Build.0 = Debug|Any CPU
		{DB78753B-4491-4207-83B4-104A2FB01249}.Release|Any CPU.ActiveCfg = Release|Any CPU
		{DB78753B-4491-4207-83B4-104A2FB01249}.Release|Any CPU.Build.0 = Release|Any CPU
		{0DBD5AAC-116F-41B2-88A7-BC0438F0D4D2}.Debug|Any CPU.ActiveCfg = Debug|Any CPU
		{0DBD5AAC-116F-41B2-88A7-BC0438F0D4D2}.Debug|Any CPU.Build.0 = Debug|Any CPU
		{0DBD5AAC-116F-41B2-88A7-BC0438F0D4D2}.Release|Any CPU.ActiveCfg = Release|Any CPU
		{0DBD5AAC-116F-41B2-88A7-BC0438F0D4D2}.Release|Any CPU.Build.0 = Release|Any CPU
		{4B5CE692-634D-467D-A638-08C50CC52844}.Debug|Any CPU.ActiveCfg = Debug|Any CPU
		{4B5CE692-634D-467D-A638-08C50CC52844}.Debug|Any CPU.Build.0 = Debug|Any CPU
		{4B5CE692-634D-467D-A638-08C50CC52844}.Release|Any CPU.ActiveCfg = Release|Any CPU
		{4B5CE692-634D-467D-A638-08C50CC52844}.Release|Any CPU.Build.0 = Release|Any CPU
		{E89A978E-DE93-42BA-A444-5FE0D7F9287D}.Debug|Any CPU.ActiveCfg = Debug|Any CPU
		{E89A978E-DE93-42BA-A444-5FE0D7F9287D}.Debug|Any CPU.Build.0 = Debug|Any CPU
		{E89A978E-DE93-42BA-A444-5FE0D7F9287D}.Release|Any CPU.ActiveCfg = Release|Any CPU
		{E89A978E-DE93-42BA-A444-5FE0D7F9287D}.Release|Any CPU.Build.0 = Release|Any CPU
	EndGlobalSection
	GlobalSection(SolutionProperties) = preSolution
		HideSolutionNode = FALSE
	EndGlobalSection
	GlobalSection(ExtensibilityGlobals) = postSolution
		SolutionGuid = {C9C4241E-F6ED-4429-AE45-18AE30DAA324}
	EndGlobalSection
EndGlobal
